
Microsoft Visual Studio Solution File, Format Version 12.00
# Visual Studio Version 17
VisualStudioVersion = 17.13.35931.197 d17.13
MinimumVisualStudioVersion = 10.0.40219.1
Project("{FAE04EC0-301F-11D3-BF4B-00C04F79EFBC}") = "MyGame", "MyGame\MyGame.csproj", "{22427188-3E3C-4B1D-A48E-3C1BADF76915}"
EndProject
Global
	GlobalSection(SolutionConfigurationPlatforms) = preSolution
		Debug|Any CPU = Debug|Any CPU
		Release|Any CPU = Release|Any CPU
	EndGlobalSection
	GlobalSection(ProjectConfigurationPlatforms) = postSolution
		{22427188-3E3C-4B1D-A48E-3C1BADF76915}.Debug|Any CPU.ActiveCfg = Debug|Any CPU
		{22427188-3E3C-4B1D-A48E-3C1BADF76915}.Debug|Any CPU.Build.0 = Debug|Any CPU
		{22427188-3E3C-4B1D-A48E-3C1BADF76915}.Release|Any CPU.ActiveCfg = Release|Any CPU
		{22427188-3E3C-4B1D-A48E-3C1BADF76915}.Release|Any CPU.Build.0 = Release|Any CPU
	EndGlobalSection
	GlobalSection(SolutionProperties) = preSolution
		HideSolutionNode = FALSE
	EndGlobalSection
	GlobalSection(ExtensibilityGlobals) = postSolution
		SolutionGuid = {E9284E54-7F0B-4914-915B-F1A859F4B991}
	EndGlobalSection
EndGlobal
